
Microsoft Visual Studio Solution File, Format Version 12.00
# Visual Studio 14
VisualStudioVersion = 14.0.25420.1
MinimumVisualStudioVersion = 10.0.40219.1
Project("{8BC9CEB8-8B4A-11D0-8D11-00A0C91BC942}") = "BaiduPCS_DLL", "pcs\BaiduPCS_DLL.vcxproj", "{6EDC18B3-E237-4C73-9A54-58B0BEB98998}"
EndProject
Project("{8BC9CEB8-8B4A-11D0-8D11-00A0C91BC942}") = "pcs_shell", "pcs_shell.vcxproj", "{BE157AEB-7F3E-4C6F-8C8E-192D57E37A11}"
EndProject
Global
	GlobalSection(SolutionConfigurationPlatforms) = preSolution
		Debug|Win32 = Debug|Win32
		Release|Win32 = Release|Win32
	EndGlobalSection
	GlobalSection(ProjectConfigurationPlatforms) = postSolution
		{6EDC18B3-E237-4C73-9A54-58B0BEB98998}.Debug|Win32.ActiveCfg = Debug|Win32
		{6EDC18B3-E237-4C73-9A54-58B0BEB98998}.Debug|Win32.Build.0 = Debug|Win32
		{6EDC18B3-E237-4C73-9A54-58B0BEB98998}.Release|Win32.ActiveCfg = Release|Win32
		{6EDC18B3-E237-4C73-9A54-58B0BEB98998}.Release|Win32.Build.0 = Release|Win32
		{BE157AEB-7F3E-4C6F-8C8E-192D57E37A11}.Debug|Win32.ActiveCfg = Debug|Win32
		{BE157AEB-7F3E-4C6F-8C8E-192D57E37A11}.Debug|Win32.Build.0 = Debug|Win32
		{BE157AEB-7F3E-4C6F-8C8E-192D57E37A11}.Release|Win32.ActiveCfg = Release|Win32
		{BE157AEB-7F3E-4C6F-8C8E-192D57E37A11}.Release|Win32.Build.0 = Release|Win32
	EndGlobalSection
	GlobalSection(SolutionProperties) = preSolution
		HideSolutionNode = FALSE
	EndGlobalSection
EndGlobal
