<?xml version="1.0" encoding="utf-8"?>
<Project ToolsVersion="4.0" xmlns="http://schemas.microsoft.com/developer/msbuild/2003">
  <ItemGroup>
    <Filter Include="Source Files">
      <UniqueIdentifier>{4FC737F1-C7A5-4376-A066-2A32D752A2FF}</UniqueIdentifier>
      <Extensions>cpp;c;cc;cxx;def;odl;idl;hpj;bat;asm;asmx</Extensions>
    </Filter>
    <Filter Include="Header Files">
      <UniqueIdentifier>{93995380-89BD-4b04-88EB-625FBE52EBFB}</UniqueIdentifier>
      <Extensions>h;hpp;hxx;hm;inl;inc;xsd</Extensions>
    </Filter>
    <Filter Include="Resource Files">
      <UniqueIdentifier>{67DA6AB6-F800-4c08-8B7A-83BB121AAD01}</UniqueIdentifier>
      <Extensions>rc;ico;cur;bmp;dlg;rc2;rct;bin;rgs;gif;jpg;jpeg;jpe;resx;tiff;tif;png;wav;mfcribbon-ms</Extensions>
    </Filter>
    <Filter Include="Header Files\pcs">
      <UniqueIdentifier>{e155cd81-86dc-4a87-b15f-0c5d9aa4fa70}</UniqueIdentifier>
    </Filter>
    <Filter Include="Source Files\pcs">
      <UniqueIdentifier>{b4fc2e4d-4d1e-42bd-93f9-96d9578f2a5a}</UniqueIdentifier>
    </Filter>
    <Filter Include="Header Files\rb_tree">
      <UniqueIdentifier>{388e605c-56bc-4776-97b7-f94fec898409}</UniqueIdentifier>
    </Filter>
    <Filter Include="Source Files\rb_tree">
      <UniqueIdentifier>{0c047a36-4680-427c-9b8d-ef8145e7291b}</UniqueIdentifier>
    </Filter>
  </ItemGroup>
  <ItemGroup>
    <ClCompile Include="pcs\cJSON.c">
      <Filter>Source Files\pcs</Filter>
    </ClCompile>
    <ClCompile Include="pcs\pcs.c">
      <Filter>Source Files\pcs</Filter>
    </ClCompile>
    <ClCompile Include="pcs\pcs_fileinfo.c">
      <Filter>Source Files\pcs</Filter>
    </ClCompile>
    <ClCompile Include="pcs\pcs_http.c">
      <Filter>Source Files\pcs</Filter>
    </ClCompile>
    <ClCompile Include="pcs\pcs_mem.c">
      <Filter>Source Files\pcs</Filter>
    </ClCompile>
    <ClCompile Include="pcs\pcs_pan_api_resinfo.c">
      <Filter>Source Files\pcs</Filter>
    </ClCompile>
    <ClCompile Include="pcs\pcs_slist.c">
      <Filter>Source Files\pcs</Filter>
    </ClCompile>
    <ClCompile Include="pcs\pcs_utils.c">
      <Filter>Source Files\pcs</Filter>
    </ClCompile>
    <ClCompile Include="shell.c">
      <Filter>Source Files</Filter>
    </ClCompile>
    <ClCompile Include="hashtable.c">
      <Filter>Source Files</Filter>
    </ClCompile>
    <ClCompile Include="dir.c">
      <Filter>Source Files</Filter>
    </ClCompile>
    <ClCompile Include="rb_tree\misc.c">
      <Filter>Source Files\rb_tree</Filter>
    </ClCompile>
    <ClCompile Include="rb_tree\red_black_tree.c">
      <Filter>Source Files\rb_tree</Filter>
    </ClCompile>
    <ClCompile Include="rb_tree\stack.c">
      <Filter>Source Files\rb_tree</Filter>
    </ClCompile>
    <ClCompile Include="utils.c">
      <Filter>Source Files</Filter>
    </ClCompile>
    <ClCompile Include="arg.c">
      <Filter>Source Files</Filter>
    </ClCompile>
    <ClCompile Include="pcs\err_msg.c">
      <Filter>Source Files</Filter>
    </ClCompile>
    <ClCompile Include="pcs\pcs_passport_dv.c">
      <Filter>Source Files\pcs</Filter>
    </ClCompile>
    <ClCompile Include="pcs\pcs_buffer.c">
      <Filter>Source Files\pcs</Filter>
    </ClCompile>
    <ClCompile Include="pcs\utf8.c">
      <Filter>Source Files\pcs</Filter>
    </ClCompile>
  </ItemGroup>
  <ItemGroup>
    <ClInclude Include="pcs\cJSON.h">
      <Filter>Header Files\pcs</Filter>
    </ClInclude>
    <ClInclude Include="pcs\pcs.h">
      <Filter>Header Files\pcs</Filter>
    </ClInclude>
    <ClInclude Include="pcs\pcs_defs.h">
      <Filter>Header Files\pcs</Filter>
    </ClInclude>
    <ClInclude Include="pcs\pcs_fileinfo.h">
      <Filter>Header Files\pcs</Filter>
    </ClInclude>
    <ClInclude Include="pcs\pcs_http.h">
      <Filter>Header Files\pcs</Filter>
    </ClInclude>
    <ClInclude Include="pcs\pcs_mem.h">
      <Filter>Header Files\pcs</Filter>
    </ClInclude>
    <ClInclude Include="pcs\pcs_pan_api_resinfo.h">
      <Filter>Header Files\pcs</Filter>
    </ClInclude>
    <ClInclude Include="pcs\pcs_slist.h">
      <Filter>Header Files\pcs</Filter>
    </ClInclude>
    <ClInclude Include="pcs\pcs_utils.h">
      <Filter>Header Files\pcs</Filter>
    </ClInclude>
    <ClInclude Include="pcs\openssl_md5.h">
      <Filter>Header Files\pcs</Filter>
    </ClInclude>
    <ClInclude Include="pcs\openssl_aes.h">
      <Filter>Header Files\pcs</Filter>
    </ClInclude>
    <ClInclude Include="shell.h">
      <Filter>Header Files</Filter>
    </ClInclude>
    <ClInclude Include="hashtable.h">
      <Filter>Header Files</Filter>
    </ClInclude>
    <ClInclude Include="dir.h">
      <Filter>Header Files</Filter>
    </ClInclude>
    <ClInclude Include="rb_tree\misc.h">
      <Filter>Header Files\rb_tree</Filter>
    </ClInclude>
    <ClInclude Include="rb_tree\red_black_tree.h">
      <Filter>Header Files\rb_tree</Filter>
    </ClInclude>
    <ClInclude Include="rb_tree\stack.h">
      <Filter>Header Files\rb_tree</Filter>
    </ClInclude>
    <ClInclude Include="utils.h">
      <Filter>Header Files</Filter>
    </ClInclude>
    <ClInclude Include="arg.h">
      <Filter>Header Files</Filter>
    </ClInclude>
    <ClInclude Include="pcs\openssl_rsa.h">
      <Filter>Header Files\pcs</Filter>
    </ClInclude>
    <ClInclude Include="version.h">
      <Filter>Header Files</Filter>
    </ClInclude>
    <ClInclude Include="pcs\pcs_passport_dv.h">
      <Filter>Header Files\pcs</Filter>
    </ClInclude>
    <ClInclude Include="pcs\pcs_buffer.h">
      <Filter>Header Files\pcs</Filter>
    </ClInclude>
    <ClInclude Include="pcs\utf8.h">
      <Filter>Header Files\pcs</Filter>
    </ClInclude>
  </ItemGroup>
  <ItemGroup>
    <None Include="makefile" />
  </ItemGroup>
</Project>