<?xml version="1.0" encoding="utf-8"?>
<Project ToolsVersion="4.0" xmlns="http://schemas.microsoft.com/developer/msbuild/2003">
  <ItemGroup>
    <Filter Include="Source Files">
      <UniqueIdentifier>{4FC737F1-C7A5-4376-A066-2A32D752A2FF}</UniqueIdentifier>
      <Extensions>cpp;c;cc;cxx;def;odl;idl;hpj;bat;asm;asmx</Extensions>
    </Filter>
    <Filter Include="Header Files">
      <UniqueIdentifier>{93995380-89BD-4b04-88EB-625FBE52EBFB}</UniqueIdentifier>
      <Extensions>h;hh;hpp;hxx;hm;inl;inc;xsd</Extensions>
    </Filter>
    <Filter Include="Resource Files">
      <UniqueIdentifier>{67DA6AB6-F800-4c08-8B7A-83BB121AAD01}</UniqueIdentifier>
      <Extensions>rc;ico;cur;bmp;dlg;rc2;rct;bin;rgs;gif;jpg;jpeg;jpe;resx;tiff;tif;png;wav;mfcribbon-ms</Extensions>
    </Filter>
  </ItemGroup>
  <ItemGroup>
    <ClInclude Include="cJSON.h">
      <Filter>Header Files</Filter>
    </ClInclude>
    <ClInclude Include="openssl_aes.h">
      <Filter>Header Files</Filter>
    </ClInclude>
    <ClInclude Include="openssl_md5.h">
      <Filter>Header Files</Filter>
    </ClInclude>
    <ClInclude Include="openssl_rsa.h">
      <Filter>Header Files</Filter>
    </ClInclude>
    <ClInclude Include="pcs.h">
      <Filter>Header Files</Filter>
    </ClInclude>
    <ClInclude Include="pcs_defs.h">
      <Filter>Header Files</Filter>
    </ClInclude>
    <ClInclude Include="pcs_fileinfo.h">
      <Filter>Header Files</Filter>
    </ClInclude>
    <ClInclude Include="pcs_http.h">
      <Filter>Header Files</Filter>
    </ClInclude>
    <ClInclude Include="pcs_mem.h">
      <Filter>Header Files</Filter>
    </ClInclude>
    <ClInclude Include="pcs_pan_api_resinfo.h">
      <Filter>Header Files</Filter>
    </ClInclude>
    <ClInclude Include="pcs_slist.h">
      <Filter>Header Files</Filter>
    </ClInclude>
    <ClInclude Include="pcs_utils.h">
      <Filter>Header Files</Filter>
    </ClInclude>
    <ClInclude Include="BaiduPCS.h">
      <Filter>Header Files</Filter>
    </ClInclude>
    <ClInclude Include="pcs_buffer.h">
      <Filter>Header Files</Filter>
    </ClInclude>
    <ClInclude Include="pcs_passport_dv.h">
      <Filter>Header Files</Filter>
    </ClInclude>
    <ClInclude Include="utf8.h">
      <Filter>Header Files</Filter>
    </ClInclude>
  </ItemGroup>
  <ItemGroup>
    <ClCompile Include="cJSON.c">
      <Filter>Source Files</Filter>
    </ClCompile>
    <ClCompile Include="pcs.c">
      <Filter>Source Files</Filter>
    </ClCompile>
    <ClCompile Include="pcs_fileinfo.c">
      <Filter>Source Files</Filter>
    </ClCompile>
    <ClCompile Include="pcs_http.c">
      <Filter>Source Files</Filter>
    </ClCompile>
    <ClCompile Include="pcs_mem.c">
      <Filter>Source Files</Filter>
    </ClCompile>
    <ClCompile Include="pcs_pan_api_resinfo.c">
      <Filter>Source Files</Filter>
    </ClCompile>
    <ClCompile Include="pcs_slist.c">
      <Filter>Source Files</Filter>
    </ClCompile>
    <ClCompile Include="pcs_utils.c">
      <Filter>Source Files</Filter>
    </ClCompile>
    <ClCompile Include="dllmain.c">
      <Filter>Source Files</Filter>
    </ClCompile>
    <ClCompile Include="err_msg.c">
      <Filter>Source Files</Filter>
    </ClCompile>
    <ClCompile Include="pcs_buffer.c">
      <Filter>Source Files</Filter>
    </ClCompile>
    <ClCompile Include="pcs_passport_dv.c">
      <Filter>Source Files</Filter>
    </ClCompile>
    <ClCompile Include="utf8.c">
      <Filter>Source Files</Filter>
    </ClCompile>
  </ItemGroup>
</Project>