<?xml version="1.0" encoding="utf-8"?>
<Project ToolsVersion="4.0" xmlns="http://schemas.microsoft.com/developer/msbuild/2003">
  <ItemGroup>
    <Filter Include="Source Files">
      <UniqueIdentifier>{4FC737F1-C7A5-4376-A066-2A32D752A2FF}</UniqueIdentifier>
      <Extensions>cpp;c;cc;cxx;def;odl;idl;hpj;bat;asm;asmx</Extensions>
    </Filter>
    <Filter Include="Header Files">
      <UniqueIdentifier>{93995380-89BD-4b04-88EB-625FBE52EBFB}</UniqueIdentifier>
      <Extensions>h;hpp;hxx;hm;inl;inc;xsd</Extensions>
    </Filter>
    <Filter Include="Resource Files">
      <UniqueIdentifier>{67DA6AB6-F800-4c08-8B7A-83BB121AAD01}</UniqueIdentifier>
      <Extensions>rc;ico;cur;bmp;dlg;rc2;rct;bin;rgs;gif;jpg;jpeg;jpe;resx;tiff;tif;png;wav;mfcribbon-ms</Extensions>
    </Filter>
    <Filter Include="Header Files\pcs">
      <UniqueIdentifier>{e155cd81-86dc-4a87-b15f-0c5d9aa4fa70}</UniqueIdentifier>
    </Filter>
    <Filter Include="Source Files\pcs">
      <UniqueIdentifier>{b4fc2e4d-4d1e-42bd-93f9-96d9578f2a5a}</UniqueIdentifier>
    </Filter>
    <Filter Include="Header Files\sqlite">
      <UniqueIdentifier>{de331c2d-91f7-4457-8742-604cff7ebb89}</UniqueIdentifier>
    </Filter>
    <Filter Include="Source Files\sqlite">
      <UniqueIdentifier>{1ff90ba7-78c1-427e-bc0c-82df228883fc}</UniqueIdentifier>
    </Filter>
  </ItemGroup>
  <ItemGroup>
    <ClCompile Include="cJSON.c">
      <Filter>Source Files\pcs</Filter>
    </ClCompile>
    <ClCompile Include="pcs.c">
      <Filter>Source Files\pcs</Filter>
    </ClCompile>
    <ClCompile Include="pcs_fileinfo.c">
      <Filter>Source Files\pcs</Filter>
    </ClCompile>
    <ClCompile Include="pcs_http.c">
      <Filter>Source Files\pcs</Filter>
    </ClCompile>
    <ClCompile Include="pcs_mem.c">
      <Filter>Source Files\pcs</Filter>
    </ClCompile>
    <ClCompile Include="pcs_pan_api_resinfo.c">
      <Filter>Source Files\pcs</Filter>
    </ClCompile>
    <ClCompile Include="pcs_slist.c">
      <Filter>Source Files\pcs</Filter>
    </ClCompile>
    <ClCompile Include="pcs_utils.c">
      <Filter>Source Files\pcs</Filter>
    </ClCompile>
    <ClCompile Include="..\sqlite\sqlite3.c">
      <Filter>Source Files\sqlite</Filter>
    </ClCompile>
    <ClCompile Include="..\shell.c">
      <Filter>Source Files</Filter>
    </ClCompile>
    <ClCompile Include="..\hashtable.c">
      <Filter>Source Files</Filter>
    </ClCompile>
  </ItemGroup>
  <ItemGroup>
    <ClInclude Include="cJSON.h">
      <Filter>Header Files\pcs</Filter>
    </ClInclude>
    <ClInclude Include="pcs.h">
      <Filter>Header Files\pcs</Filter>
    </ClInclude>
    <ClInclude Include="pcs_defs.h">
      <Filter>Header Files\pcs</Filter>
    </ClInclude>
    <ClInclude Include="pcs_fileinfo.h">
      <Filter>Header Files\pcs</Filter>
    </ClInclude>
    <ClInclude Include="pcs_http.h">
      <Filter>Header Files\pcs</Filter>
    </ClInclude>
    <ClInclude Include="pcs_mem.h">
      <Filter>Header Files\pcs</Filter>
    </ClInclude>
    <ClInclude Include="pcs_pan_api_resinfo.h">
      <Filter>Header Files\pcs</Filter>
    </ClInclude>
    <ClInclude Include="pcs_slist.h">
      <Filter>Header Files\pcs</Filter>
    </ClInclude>
    <ClInclude Include="pcs_utils.h">
      <Filter>Header Files\pcs</Filter>
    </ClInclude>
    <ClInclude Include="..\sqlite\sqlite3.h">
      <Filter>Header Files\sqlite</Filter>
    </ClInclude>
    <ClInclude Include="..\sqlite\sqlite3ext.h">
      <Filter>Header Files\sqlite</Filter>
    </ClInclude>
    <ClInclude Include="openssl_md5.h">
      <Filter>Header Files\pcs</Filter>
    </ClInclude>
    <ClInclude Include="openssl_aes.h">
      <Filter>Header Files\pcs</Filter>
    </ClInclude>
    <ClInclude Include="..\shell.h">
      <Filter>Header Files</Filter>
    </ClInclude>
    <ClInclude Include="..\hashtable.h">
      <Filter>Header Files</Filter>
    </ClInclude>
  </ItemGroup>
  <ItemGroup>
    <None Include="..\config.json" />
    <None Include="..\makefile" />
  </ItemGroup>
</Project>